
Microsoft Visual Studio Solution File, Format Version 12.00
# Visual Studio Version 17
VisualStudioVersion = 17.14.36414.22
MinimumVisualStudioVersion = 10.0.40219.1
Project("{FAE04EC0-301F-11D3-BF4B-00C04F79EFBC}") = "Template.Domain", "src\Services\Template\Template.Domain\Template.Domain.csproj", "{A64E4CDE-25BD-4040-9548-1BE0FA103929}"
EndProject
Project("{FAE04EC0-301F-11D3-BF4B-00C04F79EFBC}") = "Template.Application", "src\Services\Template\Template.Application\Template.Application.csproj", "{EAFA68F1-CD21-4240-9BC2-C2755411AAF0}"
EndProject
Project("{FAE04EC0-301F-11D3-BF4B-00C04F79EFBC}") = "Template.Infrastructure", "src\Services\Template\Template.Infrastructure\Template.Infrastructure.csproj", "{C3A52FEB-3526-4D20-86D7-8946737034E9}"
EndProject
Project("{FAE04EC0-301F-11D3-BF4B-00C04F79EFBC}") = "Template.Presentation", "src\Services\Template\Template.Presentation\Template.Presentation.csproj", "{CE640B46-BF41-4D6B-A75E-7197FAF5CF18}"
EndProject
Project("{FAE04EC0-301F-11D3-BF4B-00C04F79EFBC}") = "Template.Tests", "src\Services\Template\Template.Tests\Template.Tests.csproj", "{DD45C94C-F90E-4381-B9F3-A5BD8CDA5769}"
EndProject
Project("{FAE04EC0-301F-11D3-BF4B-00C04F79EFBC}") = "Template.IntegrationTests", "tests\Template.IntegrationTests\Template.IntegrationTests.csproj", "{EE10E36F-4F60-49F7-AAF5-230E54413DB8}"
EndProject
Project("{FAE04EC0-301F-11D3-BF4B-00C04F79EFBC}") = "BuildingBlocks.SharedKernel", "src\BuildingBlocks\BuildingBlocks.SharedKernel\BuildingBlocks.SharedKernel.csproj", "{F2686D1A-408A-4A2C-A2D5-6097B70C7BA5}"
EndProject
Project("{FAE04EC0-301F-11D3-BF4B-00C04F79EFBC}") = "BuildingBlocks.EventBus", "src\BuildingBlocks\BuildingBlocks.EventBus\BuildingBlocks.EventBus.csproj", "{F1FB095F-41B3-4A47-9F03-DF3295F22300}"
EndProject
Project("{FAE04EC0-301F-11D3-BF4B-00C04F79EFBC}") = "BuildingBlocks.CrossCutting", "src\BuildingBlocks\BuildingBlocks.CrossCutting\BuildingBlocks.CrossCutting.csproj", "{6CB3FF60-09B6-4D19-9B37-9DD971F78A9C}"
EndProject
Project("{2150E333-8FDC-42A3-9474-1A3956D46DE8}") = "Identity", "Identity", "{1BFC9479-12BF-35C3-06B8-42D89D95092B}"
EndProject
Project("{FAE04EC0-301F-11D3-BF4B-00C04F79EFBC}") = "Identity.Application", "src\Services\Identity\Identity.Application\Identity.Application.csproj", "{49BCCCAF-A5D7-4EBD-B92F-D59A1A90CA2D}"
EndProject
Project("{FAE04EC0-301F-11D3-BF4B-00C04F79EFBC}") = "Identity.Domain", "src\Services\Identity\Identity.Domain\Identity.Domain.csproj", "{BFCFA5F8-4F19-4284-A9B6-CB6EB5213334}"
EndProject
Project("{FAE04EC0-301F-11D3-BF4B-00C04F79EFBC}") = "Identity.Infrastructure", "src\Services\Identity\Identity.Infrastructure\Identity.Infrastructure.csproj", "{E9D6318B-109D-4D04-ACFB-E682A79FEF2A}"
EndProject
Project("{FAE04EC0-301F-11D3-BF4B-00C04F79EFBC}") = "Identity.Presentation", "src\Services\Identity\Identity.Presentation\Identity.Presentation.csproj", "{B0D8D287-4307-4821-B2A1-50BD52F820BF}"
EndProject
Project("{FAE04EC0-301F-11D3-BF4B-00C04F79EFBC}") = "Identity.Tests", "src\Services\Identity\Identity.Tests\Identity.Tests.csproj", "{46489A0A-FECC-4639-9A77-88D6A01E7EA0}"
EndProject
Global
	GlobalSection(SolutionConfigurationPlatforms) = preSolution
		Debug|Any CPU = Debug|Any CPU
		Debug|x64 = Debug|x64
		Debug|x86 = Debug|x86
		Release|Any CPU = Release|Any CPU
		Release|x64 = Release|x64
		Release|x86 = Release|x86
	EndGlobalSection
	GlobalSection(ProjectConfigurationPlatforms) = postSolution
		{A64E4CDE-25BD-4040-9548-1BE0FA103929}.Debug|Any CPU.ActiveCfg = Debug|Any CPU
		{A64E4CDE-25BD-4040-9548-1BE0FA103929}.Debug|Any CPU.Build.0 = Debug|Any CPU
		{A64E4CDE-25BD-4040-9548-1BE0FA103929}.Debug|x64.ActiveCfg = Debug|Any CPU
		{A64E4CDE-25BD-4040-9548-1BE0FA103929}.Debug|x64.Build.0 = Debug|Any CPU
		{A64E4CDE-25BD-4040-9548-1BE0FA103929}.Debug|x86.ActiveCfg = Debug|Any CPU
		{A64E4CDE-25BD-4040-9548-1BE0FA103929}.Debug|x86.Build.0 = Debug|Any CPU
		{A64E4CDE-25BD-4040-9548-1BE0FA103929}.Release|Any CPU.ActiveCfg = Release|Any CPU
		{A64E4CDE-25BD-4040-9548-1BE0FA103929}.Release|Any CPU.Build.0 = Release|Any CPU
		{A64E4CDE-25BD-4040-9548-1BE0FA103929}.Release|x64.ActiveCfg = Release|Any CPU
		{A64E4CDE-25BD-4040-9548-1BE0FA103929}.Release|x64.Build.0 = Release|Any CPU
		{A64E4CDE-25BD-4040-9548-1BE0FA103929}.Release|x86.ActiveCfg = Release|Any CPU
		{A64E4CDE-25BD-4040-9548-1BE0FA103929}.Release|x86.Build.0 = Release|Any CPU
		{EAFA68F1-CD21-4240-9BC2-C2755411AAF0}.Debug|Any CPU.ActiveCfg = Debug|Any CPU
		{EAFA68F1-CD21-4240-9BC2-C2755411AAF0}.Debug|Any CPU.Build.0 = Debug|Any CPU
		{EAFA68F1-CD21-4240-9BC2-C2755411AAF0}.Debug|x64.ActiveCfg = Debug|Any CPU
		{EAFA68F1-CD21-4240-9BC2-C2755411AAF0}.Debug|x64.Build.0 = Debug|Any CPU
		{EAFA68F1-CD21-4240-9BC2-C2755411AAF0}.Debug|x86.ActiveCfg = Debug|Any CPU
		{EAFA68F1-CD21-4240-9BC2-C2755411AAF0}.Debug|x86.Build.0 = Debug|Any CPU
		{EAFA68F1-CD21-4240-9BC2-C2755411AAF0}.Release|Any CPU.ActiveCfg = Release|Any CPU
		{EAFA68F1-CD21-4240-9BC2-C2755411AAF0}.Release|Any CPU.Build.0 = Release|Any CPU
		{EAFA68F1-CD21-4240-9BC2-C2755411AAF0}.Release|x64.ActiveCfg = Release|Any CPU
		{EAFA68F1-CD21-4240-9BC2-C2755411AAF0}.Release|x64.Build.0 = Release|Any CPU
		{EAFA68F1-CD21-4240-9BC2-C2755411AAF0}.Release|x86.ActiveCfg = Release|Any CPU
		{EAFA68F1-CD21-4240-9BC2-C2755411AAF0}.Release|x86.Build.0 = Release|Any CPU
		{C3A52FEB-3526-4D20-86D7-8946737034E9}.Debug|Any CPU.ActiveCfg = Debug|Any CPU
		{C3A52FEB-3526-4D20-86D7-8946737034E9}.Debug|Any CPU.Build.0 = Debug|Any CPU
		{C3A52FEB-3526-4D20-86D7-8946737034E9}.Debug|x64.ActiveCfg = Debug|Any CPU
		{C3A52FEB-3526-4D20-86D7-8946737034E9}.Debug|x64.Build.0 = Debug|Any CPU
		{C3A52FEB-3526-4D20-86D7-8946737034E9}.Debug|x86.ActiveCfg = Debug|Any CPU
		{C3A52FEB-3526-4D20-86D7-8946737034E9}.Debug|x86.Build.0 = Debug|Any CPU
		{C3A52FEB-3526-4D20-86D7-8946737034E9}.Release|Any CPU.ActiveCfg = Release|Any CPU
		{C3A52FEB-3526-4D20-86D7-8946737034E9}.Release|Any CPU.Build.0 = Release|Any CPU
		{C3A52FEB-3526-4D20-86D7-8946737034E9}.Release|x64.ActiveCfg = Release|Any CPU
		{C3A52FEB-3526-4D20-86D7-8946737034E9}.Release|x64.Build.0 = Release|Any CPU
		{C3A52FEB-3526-4D20-86D7-8946737034E9}.Release|x86.ActiveCfg = Release|Any CPU
		{C3A52FEB-3526-4D20-86D7-8946737034E9}.Release|x86.Build.0 = Release|Any CPU
		{CE640B46-BF41-4D6B-A75E-7197FAF5CF18}.Debug|Any CPU.ActiveCfg = Debug|Any CPU
		{CE640B46-BF41-4D6B-A75E-7197FAF5CF18}.Debug|Any CPU.Build.0 = Debug|Any CPU
		{CE640B46-BF41-4D6B-A75E-7197FAF5CF18}.Debug|x64.ActiveCfg = Debug|Any CPU
		{CE640B46-BF41-4D6B-A75E-7197FAF5CF18}.Debug|x64.Build.0 = Debug|Any CPU
		{CE640B46-BF41-4D6B-A75E-7197FAF5CF18}.Debug|x86.ActiveCfg = Debug|Any CPU
		{CE640B46-BF41-4D6B-A75E-7197FAF5CF18}.Debug|x86.Build.0 = Debug|Any CPU
		{CE640B46-BF41-4D6B-A75E-7197FAF5CF18}.Release|Any CPU.ActiveCfg = Release|Any CPU
		{CE640B46-BF41-4D6B-A75E-7197FAF5CF18}.Release|Any CPU.Build.0 = Release|Any CPU
		{CE640B46-BF41-4D6B-A75E-7197FAF5CF18}.Release|x64.ActiveCfg = Release|Any CPU
		{CE640B46-BF41-4D6B-A75E-7197FAF5CF18}.Release|x64.Build.0 = Release|Any CPU
		{CE640B46-BF41-4D6B-A75E-7197FAF5CF18}.Release|x86.ActiveCfg = Release|Any CPU
		{CE640B46-BF41-4D6B-A75E-7197FAF5CF18}.Release|x86.Build.0 = Release|Any CPU
		{DD45C94C-F90E-4381-B9F3-A5BD8CDA5769}.Debug|Any CPU.ActiveCfg = Debug|Any CPU
		{DD45C94C-F90E-4381-B9F3-A5BD8CDA5769}.Debug|Any CPU.Build.0 = Debug|Any CPU
		{DD45C94C-F90E-4381-B9F3-A5BD8CDA5769}.Debug|x64.ActiveCfg = Debug|Any CPU
		{DD45C94C-F90E-4381-B9F3-A5BD8CDA5769}.Debug|x64.Build.0 = Debug|Any CPU
		{DD45C94C-F90E-4381-B9F3-A5BD8CDA5769}.Debug|x86.ActiveCfg = Debug|Any CPU
		{DD45C94C-F90E-4381-B9F3-A5BD8CDA5769}.Debug|x86.Build.0 = Debug|Any CPU
		{DD45C94C-F90E-4381-B9F3-A5BD8CDA5769}.Release|Any CPU.ActiveCfg = Release|Any CPU
		{DD45C94C-F90E-4381-B9F3-A5BD8CDA5769}.Release|Any CPU.Build.0 = Release|Any CPU
		{DD45C94C-F90E-4381-B9F3-A5BD8CDA5769}.Release|x64.ActiveCfg = Release|Any CPU
		{DD45C94C-F90E-4381-B9F3-A5BD8CDA5769}.Release|x64.Build.0 = Release|Any CPU
		{DD45C94C-F90E-4381-B9F3-A5BD8CDA5769}.Release|x86.ActiveCfg = Release|Any CPU
		{DD45C94C-F90E-4381-B9F3-A5BD8CDA5769}.Release|x86.Build.0 = Release|Any CPU
		{EE10E36F-4F60-49F7-AAF5-230E54413DB8}.Debug|Any CPU.ActiveCfg = Debug|Any CPU
		{EE10E36F-4F60-49F7-AAF5-230E54413DB8}.Debug|Any CPU.Build.0 = Debug|Any CPU
		{EE10E36F-4F60-49F7-AAF5-230E54413DB8}.Debug|x64.ActiveCfg = Debug|Any CPU
		{EE10E36F-4F60-49F7-AAF5-230E54413DB8}.Debug|x64.Build.0 = Debug|Any CPU
		{EE10E36F-4F60-49F7-AAF5-230E54413DB8}.Debug|x86.ActiveCfg = Debug|Any CPU
		{EE10E36F-4F60-49F7-AAF5-230E54413DB8}.Debug|x86.Build.0 = Debug|Any CPU
		{EE10E36F-4F60-49F7-AAF5-230E54413DB8}.Release|Any CPU.ActiveCfg = Release|Any CPU
		{EE10E36F-4F60-49F7-AAF5-230E54413DB8}.Release|Any CPU.Build.0 = Release|Any CPU
		{EE10E36F-4F60-49F7-AAF5-230E54413DB8}.Release|x64.ActiveCfg = Release|Any CPU
		{EE10E36F-4F60-49F7-AAF5-230E54413DB8}.Release|x64.Build.0 = Release|Any CPU
		{EE10E36F-4F60-49F7-AAF5-230E54413DB8}.Release|x86.ActiveCfg = Release|Any CPU
		{EE10E36F-4F60-49F7-AAF5-230E54413DB8}.Release|x86.Build.0 = Release|Any CPU
		{F2686D1A-408A-4A2C-A2D5-6097B70C7BA5}.Debug|Any CPU.ActiveCfg = Debug|Any CPU
		{F2686D1A-408A-4A2C-A2D5-6097B70C7BA5}.Debug|Any CPU.Build.0 = Debug|Any CPU
		{F2686D1A-408A-4A2C-A2D5-6097B70C7BA5}.Debug|x64.ActiveCfg = Debug|Any CPU
		{F2686D1A-408A-4A2C-A2D5-6097B70C7BA5}.Debug|x64.Build.0 = Debug|Any CPU
		{F2686D1A-408A-4A2C-A2D5-6097B70C7BA5}.Debug|x86.ActiveCfg = Debug|Any CPU
		{F2686D1A-408A-4A2C-A2D5-6097B70C7BA5}.Debug|x86.Build.0 = Debug|Any CPU
		{F2686D1A-408A-4A2C-A2D5-6097B70C7BA5}.Release|Any CPU.ActiveCfg = Release|Any CPU
		{F2686D1A-408A-4A2C-A2D5-6097B70C7BA5}.Release|Any CPU.Build.0 = Release|Any CPU
		{F2686D1A-408A-4A2C-A2D5-6097B70C7BA5}.Release|x64.ActiveCfg = Release|Any CPU
		{F2686D1A-408A-4A2C-A2D5-6097B70C7BA5}.Release|x64.Build.0 = Release|Any CPU
		{F2686D1A-408A-4A2C-A2D5-6097B70C7BA5}.Release|x86.ActiveCfg = Release|Any CPU
		{F2686D1A-408A-4A2C-A2D5-6097B70C7BA5}.Release|x86.Build.0 = Release|Any CPU
		{F1FB095F-41B3-4A47-9F03-DF3295F22300}.Debug|Any CPU.ActiveCfg = Debug|Any CPU
		{F1FB095F-41B3-4A47-9F03-DF3295F22300}.Debug|Any CPU.Build.0 = Debug|Any CPU
		{F1FB095F-41B3-4A47-9F03-DF3295F22300}.Debug|x64.ActiveCfg = Debug|Any CPU
		{F1FB095F-41B3-4A47-9F03-DF3295F22300}.Debug|x64.Build.0 = Debug|Any CPU
		{F1FB095F-41B3-4A47-9F03-DF3295F22300}.Debug|x86.ActiveCfg = Debug|Any CPU
		{F1FB095F-41B3-4A47-9F03-DF3295F22300}.Debug|x86.Build.0 = Debug|Any CPU
		{F1FB095F-41B3-4A47-9F03-DF3295F22300}.Release|Any CPU.ActiveCfg = Release|Any CPU
		{F1FB095F-41B3-4A47-9F03-DF3295F22300}.Release|Any CPU.Build.0 = Release|Any CPU
		{F1FB095F-41B3-4A47-9F03-DF3295F22300}.Release|x64.ActiveCfg = Release|Any CPU
		{F1FB095F-41B3-4A47-9F03-DF3295F22300}.Release|x64.Build.0 = Release|Any CPU
		{F1FB095F-41B3-4A47-9F03-DF3295F22300}.Release|x86.ActiveCfg = Release|Any CPU
		{F1FB095F-41B3-4A47-9F03-DF3295F22300}.Release|x86.Build.0 = Release|Any CPU
		{6CB3FF60-09B6-4D19-9B37-9DD971F78A9C}.Debug|Any CPU.ActiveCfg = Debug|Any CPU
		{6CB3FF60-09B6-4D19-9B37-9DD971F78A9C}.Debug|Any CPU.Build.0 = Debug|Any CPU
		{6CB3FF60-09B6-4D19-9B37-9DD971F78A9C}.Debug|x64.ActiveCfg = Debug|Any CPU
		{6CB3FF60-09B6-4D19-9B37-9DD971F78A9C}.Debug|x64.Build.0 = Debug|Any CPU
		{6CB3FF60-09B6-4D19-9B37-9DD971F78A9C}.Debug|x86.ActiveCfg = Debug|Any CPU
		{6CB3FF60-09B6-4D19-9B37-9DD971F78A9C}.Debug|x86.Build.0 = Debug|Any CPU
		{6CB3FF60-09B6-4D19-9B37-9DD971F78A9C}.Release|Any CPU.ActiveCfg = Release|Any CPU
		{6CB3FF60-09B6-4D19-9B37-9DD971F78A9C}.Release|Any CPU.Build.0 = Release|Any CPU
		{6CB3FF60-09B6-4D19-9B37-9DD971F78A9C}.Release|x64.ActiveCfg = Release|Any CPU
		{6CB3FF60-09B6-4D19-9B37-9DD971F78A9C}.Release|x64.Build.0 = Release|Any CPU
		{6CB3FF60-09B6-4D19-9B37-9DD971F78A9C}.Release|x86.ActiveCfg = Release|Any CPU
		{6CB3FF60-09B6-4D19-9B37-9DD971F78A9C}.Release|x86.Build.0 = Release|Any CPU
		{49BCCCAF-A5D7-4EBD-B92F-D59A1A90CA2D}.Debug|Any CPU.ActiveCfg = Debug|Any CPU
		{49BCCCAF-A5D7-4EBD-B92F-D59A1A90CA2D}.Debug|Any CPU.Build.0 = Debug|Any CPU
		{49BCCCAF-A5D7-4EBD-B92F-D59A1A90CA2D}.Debug|x64.ActiveCfg = Debug|Any CPU
		{49BCCCAF-A5D7-4EBD-B92F-D59A1A90CA2D}.Debug|x64.Build.0 = Debug|Any CPU
		{49BCCCAF-A5D7-4EBD-B92F-D59A1A90CA2D}.Debug|x86.ActiveCfg = Debug|Any CPU
		{49BCCCAF-A5D7-4EBD-B92F-D59A1A90CA2D}.Debug|x86.Build.0 = Debug|Any CPU
		{49BCCCAF-A5D7-4EBD-B92F-D59A1A90CA2D}.Release|Any CPU.ActiveCfg = Release|Any CPU
		{49BCCCAF-A5D7-4EBD-B92F-D59A1A90CA2D}.Release|Any CPU.Build.0 = Release|Any CPU
		{49BCCCAF-A5D7-4EBD-B92F-D59A1A90CA2D}.Release|x64.ActiveCfg = Release|Any CPU
		{49BCCCAF-A5D7-4EBD-B92F-D59A1A90CA2D}.Release|x64.Build.0 = Release|Any CPU
		{49BCCCAF-A5D7-4EBD-B92F-D59A1A90CA2D}.Release|x86.ActiveCfg = Release|Any CPU
		{49BCCCAF-A5D7-4EBD-B92F-D59A1A90CA2D}.Release|x86.Build.0 = Release|Any CPU
		{BFCFA5F8-4F19-4284-A9B6-CB6EB5213334}.Debug|Any CPU.ActiveCfg = Debug|Any CPU
		{BFCFA5F8-4F19-4284-A9B6-CB6EB5213334}.Debug|Any CPU.Build.0 = Debug|Any CPU
		{BFCFA5F8-4F19-4284-A9B6-CB6EB5213334}.Debug|x64.ActiveCfg = Debug|Any CPU
		{BFCFA5F8-4F19-4284-A9B6-CB6EB5213334}.Debug|x64.Build.0 = Debug|Any CPU
		{BFCFA5F8-4F19-4284-A9B6-CB6EB5213334}.Debug|x86.ActiveCfg = Debug|Any CPU
		{BFCFA5F8-4F19-4284-A9B6-CB6EB5213334}.Debug|x86.Build.0 = Debug|Any CPU
		{BFCFA5F8-4F19-4284-A9B6-CB6EB5213334}.Release|Any CPU.ActiveCfg = Release|Any CPU
		{BFCFA5F8-4F19-4284-A9B6-CB6EB5213334}.Release|Any CPU.Build.0 = Release|Any CPU
		{BFCFA5F8-4F19-4284-A9B6-CB6EB5213334}.Release|x64.ActiveCfg = Release|Any CPU
		{BFCFA5F8-4F19-4284-A9B6-CB6EB5213334}.Release|x64.Build.0 = Release|Any CPU
		{BFCFA5F8-4F19-4284-A9B6-CB6EB5213334}.Release|x86.ActiveCfg = Release|Any CPU
		{BFCFA5F8-4F19-4284-A9B6-CB6EB5213334}.Release|x86.Build.0 = Release|Any CPU
		{E9D6318B-109D-4D04-ACFB-E682A79FEF2A}.Debug|Any CPU.ActiveCfg = Debug|Any CPU
		{E9D6318B-109D-4D04-ACFB-E682A79FEF2A}.Debug|Any CPU.Build.0 = Debug|Any CPU
		{E9D6318B-109D-4D04-ACFB-E682A79FEF2A}.Debug|x64.ActiveCfg = Debug|Any CPU
		{E9D6318B-109D-4D04-ACFB-E682A79FEF2A}.Debug|x64.Build.0 = Debug|Any CPU
		{E9D6318B-109D-4D04-ACFB-E682A79FEF2A}.Debug|x86.ActiveCfg = Debug|Any CPU
		{E9D6318B-109D-4D04-ACFB-E682A79FEF2A}.Debug|x86.Build.0 = Debug|Any CPU
		{E9D6318B-109D-4D04-ACFB-E682A79FEF2A}.Release|Any CPU.ActiveCfg = Release|Any CPU
		{E9D6318B-109D-4D04-ACFB-E682A79FEF2A}.Release|Any CPU.Build.0 = Release|Any CPU
		{E9D6318B-109D-4D04-ACFB-E682A79FEF2A}.Release|x64.ActiveCfg = Release|Any CPU
		{E9D6318B-109D-4D04-ACFB-E682A79FEF2A}.Release|x64.Build.0 = Release|Any CPU
		{E9D6318B-109D-4D04-ACFB-E682A79FEF2A}.Release|x86.ActiveCfg = Release|Any CPU
		{E9D6318B-109D-4D04-ACFB-E682A79FEF2A}.Release|x86.Build.0 = Release|Any CPU
		{B0D8D287-4307-4821-B2A1-50BD52F820BF}.Debug|Any CPU.ActiveCfg = Debug|Any CPU
		{B0D8D287-4307-4821-B2A1-50BD52F820BF}.Debug|Any CPU.Build.0 = Debug|Any CPU
		{B0D8D287-4307-4821-B2A1-50BD52F820BF}.Debug|x64.ActiveCfg = Debug|Any CPU
		{B0D8D287-4307-4821-B2A1-50BD52F820BF}.Debug|x64.Build.0 = Debug|Any CPU
		{B0D8D287-4307-4821-B2A1-50BD52F820BF}.Debug|x86.ActiveCfg = Debug|Any CPU
		{B0D8D287-4307-4821-B2A1-50BD52F820BF}.Debug|x86.Build.0 = Debug|Any CPU
		{B0D8D287-4307-4821-B2A1-50BD52F820BF}.Release|Any CPU.ActiveCfg = Release|Any CPU
		{B0D8D287-4307-4821-B2A1-50BD52F820BF}.Release|Any CPU.Build.0 = Release|Any CPU
		{B0D8D287-4307-4821-B2A1-50BD52F820BF}.Release|x64.ActiveCfg = Release|Any CPU
		{B0D8D287-4307-4821-B2A1-50BD52F820BF}.Release|x64.Build.0 = Release|Any CPU
		{B0D8D287-4307-4821-B2A1-50BD52F820BF}.Release|x86.ActiveCfg = Release|Any CPU
		{B0D8D287-4307-4821-B2A1-50BD52F820BF}.Release|x86.Build.0 = Release|Any CPU
		{46489A0A-FECC-4639-9A77-88D6A01E7EA0}.Debug|Any CPU.ActiveCfg = Debug|Any CPU
		{46489A0A-FECC-4639-9A77-88D6A01E7EA0}.Debug|Any CPU.Build.0 = Debug|Any CPU
		{46489A0A-FECC-4639-9A77-88D6A01E7EA0}.Debug|x64.ActiveCfg = Debug|Any CPU
		{46489A0A-FECC-4639-9A77-88D6A01E7EA0}.Debug|x64.Build.0 = Debug|Any CPU
		{46489A0A-FECC-4639-9A77-88D6A01E7EA0}.Debug|x86.ActiveCfg = Debug|Any CPU
		{46489A0A-FECC-4639-9A77-88D6A01E7EA0}.Debug|x86.Build.0 = Debug|Any CPU
		{46489A0A-FECC-4639-9A77-88D6A01E7EA0}.Release|Any CPU.ActiveCfg = Release|Any CPU
		{46489A0A-FECC-4639-9A77-88D6A01E7EA0}.Release|Any CPU.Build.0 = Release|Any CPU
		{46489A0A-FECC-4639-9A77-88D6A01E7EA0}.Release|x64.ActiveCfg = Release|Any CPU
		{46489A0A-FECC-4639-9A77-88D6A01E7EA0}.Release|x64.Build.0 = Release|Any CPU
		{46489A0A-FECC-4639-9A77-88D6A01E7EA0}.Release|x86.ActiveCfg = Release|Any CPU
		{46489A0A-FECC-4639-9A77-88D6A01E7EA0}.Release|x86.Build.0 = Release|Any CPU
	EndGlobalSection
	GlobalSection(SolutionProperties) = preSolution
		HideSolutionNode = FALSE
	EndGlobalSection
	GlobalSection(NestedProjects) = preSolution
		{984BB9B3-3FA3-BE33-9484-CAC21695A33C} = {827E0CD3-B72D-47B6-A68D-7590B98EB39B}
		{1BFC9479-12BF-35C3-06B8-42D89D95092B} = {984BB9B3-3FA3-BE33-9484-CAC21695A33C}
		{49BCCCAF-A5D7-4EBD-B92F-D59A1A90CA2D} = {1BFC9479-12BF-35C3-06B8-42D89D95092B}
		{BFCFA5F8-4F19-4284-A9B6-CB6EB5213334} = {1BFC9479-12BF-35C3-06B8-42D89D95092B}
		{E9D6318B-109D-4D04-ACFB-E682A79FEF2A} = {1BFC9479-12BF-35C3-06B8-42D89D95092B}
		{B0D8D287-4307-4821-B2A1-50BD52F820BF} = {1BFC9479-12BF-35C3-06B8-42D89D95092B}
		{46489A0A-FECC-4639-9A77-88D6A01E7EA0} = {1BFC9479-12BF-35C3-06B8-42D89D95092B}
	EndGlobalSection
	GlobalSection(ExtensibilityGlobals) = postSolution
		SolutionGuid = {0839881C-FB81-4B49-9582-69ECFC0E847B}
	EndGlobalSection
EndGlobal
